
Microsoft Visual Studio Solution File, Format Version 12.00
# Visual Studio Version 17
VisualStudioVersion = 17.4.33122.133
MinimumVisualStudioVersion = 10.0.40219.1
Project("{FAE04EC0-301F-11D3-BF4B-00C04F79EFBC}") = "ConsoleApp4", "ConsoleApp4\ConsoleApp4.csproj", "{BEE04B6B-1595-4771-B921-F804E5B03C67}"
EndProject
Global
	GlobalSection(SolutionConfigurationPlatforms) = preSolution
		Debug|Any CPU = Debug|Any CPU
		Release|Any CPU = Release|Any CPU
	EndGlobalSection
	GlobalSection(ProjectConfigurationPlatforms) = postSolution
		{BEE04B6B-1595-4771-B921-F804E5B03C67}.Debug|Any CPU.ActiveCfg = Debug|Any CPU
		{BEE04B6B-1595-4771-B921-F804E5B03C67}.Debug|Any CPU.Build.0 = Debug|Any CPU
		{BEE04B6B-1595-4771-B921-F804E5B03C67}.Release|Any CPU.ActiveCfg = Release|Any CPU
		{BEE04B6B-1595-4771-B921-F804E5B03C67}.Release|Any CPU.Build.0 = Release|Any CPU
	EndGlobalSection
	GlobalSection(SolutionProperties) = preSolution
		HideSolutionNode = FALSE
	EndGlobalSection
	GlobalSection(ExtensibilityGlobals) = postSolution
		SolutionGuid = {ADC5AFD5-B46C-4EC8-9243-F8B6C478130A}
	EndGlobalSection
EndGlobal
